
Microsoft Visual Studio Solution File, Format Version 12.00
# Visual Studio 14
VisualStudioVersion = 14.0.22823.1
MinimumVisualStudioVersion = 10.0.40219.1
Project("{FAE04EC0-301F-11D3-BF4B-00C04F79EFBC}") = "AzureXY", "AzureXY\AzureXY.csproj", "{E9C4B11C-0B7E-4023-A8C5-0794BB852C01}"
EndProject
Project("{2150E333-8FDC-42A3-9474-1A3956D46DE8}") = "PublishScripts", "PublishScripts", "{7B7D71C9-ADB9-423B-B786-83988C06343E}"
	ProjectSection(SolutionItems) = preProject
		PublishScripts\AzureWebsitePublishModule.psm1 = PublishScripts\AzureWebsitePublishModule.psm1
		PublishScripts\Publish-WebApplicationWebsite.ps1 = PublishScripts\Publish-WebApplicationWebsite.ps1
	EndProjectSection
EndProject
Project("{2150E333-8FDC-42A3-9474-1A3956D46DE8}") = "Configurations", "Configurations", "{361B81DF-B002-4262-8B21-954AB2CFE970}"
	ProjectSection(SolutionItems) = preProject
		PublishScripts\Configurations\AzureXY-WAWS-dev.json = PublishScripts\Configurations\AzureXY-WAWS-dev.json
	EndProjectSection
EndProject
Global
	GlobalSection(SolutionConfigurationPlatforms) = preSolution
		Debug|Any CPU = Debug|Any CPU
		Release|Any CPU = Release|Any CPU
	EndGlobalSection
	GlobalSection(ProjectConfigurationPlatforms) = postSolution
		{E9C4B11C-0B7E-4023-A8C5-0794BB852C01}.Debug|Any CPU.ActiveCfg = Debug|Any CPU
		{E9C4B11C-0B7E-4023-A8C5-0794BB852C01}.Debug|Any CPU.Build.0 = Debug|Any CPU
		{E9C4B11C-0B7E-4023-A8C5-0794BB852C01}.Release|Any CPU.ActiveCfg = Release|Any CPU
		{E9C4B11C-0B7E-4023-A8C5-0794BB852C01}.Release|Any CPU.Build.0 = Release|Any CPU
	EndGlobalSection
	GlobalSection(SolutionProperties) = preSolution
		HideSolutionNode = FALSE
	EndGlobalSection
	GlobalSection(NestedProjects) = preSolution
		{361B81DF-B002-4262-8B21-954AB2CFE970} = {7B7D71C9-ADB9-423B-B786-83988C06343E}
	EndGlobalSection
EndGlobal
